{
  "version": 4,
  "terraform_version": "1.1.2",
  "serial": 22,
  "lineage": "35216b5f-e08e-018f-946e-45cd63963349",
  "outputs": {},
  "resources": [
    {
      "mode": "managed",
      "type": "yandex_compute_instance",
      "name": "vm-1",
      "provider": "provider[\"registry.terraform.io/yandex-cloud/yandex\"]",
      "instances": [
        {
          "schema_version": 1,
          "attributes": {
            "allow_stopping_for_update": true,
            "boot_disk": [
              {
                "auto_delete": true,
                "device_name": "fhmjot8159otorqmbcmo",
                "disk_id": "fhmjot8159otorqmbcmo",
                "initialize_params": [
                  {
                    "description": "",
                    "image_id": "fd80s5atj1quloqfr00f",
                    "name": "",
                    "size": 10,
                    "snapshot_id": "",
                    "type": "network-hdd"
                  }
                ],
                "mode": "READ_WRITE"
              }
            ],
            "created_at": "2021-12-27T19:31:12Z",
            "description": "machines centos8 and ELK",
            "folder_id": "b1gllp5tcpgdosk5isba",
            "fqdn": "fhm93fgrjb2upgob7umf.auto.internal",
            "hostname": "fhm93fgrjb2upgob7umf",
            "id": "fhm93fgrjb2upgob7umf",
            "labels": {},
            "metadata": {
              "serial-port-enable": "1",
              "ssh_keys": "p_krylov:---- BEGIN SSH2 PUBLIC KEY ----\r\nComment: \"rsa-key-20210625\"\r\nAAAAB3NzaC1yc2EAAAABJQAAAQEAj3V2naL07ee8mlqnfuEi0FOzsAk3WQL7P0UX\r\nVyFifRvWghma/aGYixToqlMbBISf+rhdNRz5SWxIZYuVAG1nS5Cw0wtdYzwWlDuS\r\ncbZbEbXOYHi4e94wwu+svnh5ubLKjqcqWeuK7ArqWZF1+0pRPZo96qB5vL/HB0k0\r\nc12aju7lxtbNSn0AqQHIQJAqP94ZZNRpX8b29rwsnDdU5tv4j7zLbkZHxq43KEpS\r\nQHfcxyZrtxOhkjO76pwf1zi1O3ZWPM9YQxGiR38aVlASSKq1FHKTPrLk4K0yNQyW\r\nTdrm9sAVSSzVs3NqLeNMSvP9yWsvN210dhXInrfh397ZKS7aMQ==\r\n---- END SSH2 PUBLIC KEY ----\r\n"
            },
            "name": "vm-1",
            "network_acceleration_type": "standard",
            "network_interface": [
              {
                "dns_record": [],
                "index": 0,
                "ip_address": "10.128.0.25",
                "ipv4": true,
                "ipv6": false,
                "ipv6_address": "",
                "ipv6_dns_record": [],
                "mac_address": "d0:0d:91:be:1b:9a",
                "nat": false,
                "nat_dns_record": [],
                "nat_ip_address": "",
                "nat_ip_version": "",
                "security_group_ids": [],
                "subnet_id": "e9bfqgv5pnb45ubnkfni"
              }
            ],
            "placement_policy": [
              {
                "placement_group_id": ""
              }
            ],
            "platform_id": "standard-v3",
            "resources": [
              {
                "core_fraction": 20,
                "cores": 2,
                "gpus": 0,
                "memory": 4
              }
            ],
            "scheduling_policy": [
              {
                "preemptible": true
              }
            ],
            "secondary_disk": [],
            "service_account_id": "ajebqrig4tdl83m9qjjg",
            "status": "running",
            "timeouts": null,
            "zone": "ru-central1-a"
          },
          "sensitive_attributes": [],
          "private": "eyJlMmJmYjczMC1lY2FhLTExZTYtOGY4OC0zNDM2M2JjN2M0YzAiOnsiY3JlYXRlIjozMDAwMDAwMDAwMDAsImRlbGV0ZSI6MzAwMDAwMDAwMDAwLCJ1cGRhdGUiOjMwMDAwMDAwMDAwMH0sInNjaGVtYV92ZXJzaW9uIjoiMSJ9"
        }
      ]
    }
  ]
}
